PODS:
  - Flutter (1.0.0)
  - notification_badge_plus (1.0.6):
    - Flutter

DEPENDENCIES:
  - Flutter (from `Flutter`)
  - notification_badge_plus (from `.symlinks/plugins/notification_badge_plus/ios`)

EXTERNAL SOURCES:
  Flutter:
    :path: Flutter
  notification_badge_plus:
    :path: ".symlinks/plugins/notification_badge_plus/ios"

SPEC CHECKSUMS:
  Flutter: cabc95a1d2626b1b06e7179b784ebcf0c0cde467
  notification_badge_plus: 87b2b0c5d89e4ccc30399014985baf38d8a18b4b

PODFILE CHECKSUM: 3c63482e143d1b91d2d2560aee9fb04ecc74ac7e

COCOAPODS: 1.16.2
